
Microsoft Visual Studio Solution File, Format Version 12.00
# Visual Studio Version 17
VisualStudioVersion = 17.4.33122.133
MinimumVisualStudioVersion = 10.0.40219.1
Project("{FAE04EC0-301F-11D3-BF4B-00C04F79EFBC}") = "Knjizara", "Knjizara.csproj", "{83A63787-857F-4425-97D4-A2F570E5CA71}"
EndProject
Global
	GlobalSection(SolutionConfigurationPlatforms) = preSolution
		Debug|Any CPU = Debug|Any CPU
		Release|Any CPU = Release|Any CPU
	EndGlobalSection
	GlobalSection(ProjectConfigurationPlatforms) = postSolution
		{83A63787-857F-4425-97D4-A2F570E5CA71}.Debug|Any CPU.ActiveCfg = Debug|Any CPU
		{83A63787-857F-4425-97D4-A2F570E5CA71}.Debug|Any CPU.Build.0 = Debug|Any CPU
		{83A63787-857F-4425-97D4-A2F570E5CA71}.Release|Any CPU.ActiveCfg = Release|Any CPU
		{83A63787-857F-4425-97D4-A2F570E5CA71}.Release|Any CPU.Build.0 = Release|Any CPU
	EndGlobalSection
	GlobalSection(SolutionProperties) = preSolution
		HideSolutionNode = FALSE
	EndGlobalSection
	GlobalSection(ExtensibilityGlobals) = postSolution
		SolutionGuid = {4F0089F3-FE1F-4336-B769-DC57BA40BD3F}
	EndGlobalSection
EndGlobal
